
Microsoft Visual Studio Solution File, Format Version 12.00
# Visual Studio 15
VisualStudioVersion = 15.0.28307.168
MinimumVisualStudioVersion = 10.0.40219.1
Project("{FAE04EC0-301F-11D3-BF4B-00C04F79EFBC}") = "GoogleDomainAPIDNSUpdater", "GoogleDomainAPIDNSUpdater\GoogleDomainAPIDNSUpdater.csproj", "{1D1118CD-0DA3-4A71-A399-52D68C74FFC4}"
EndProject
Project("{54435603-DBB4-11D2-8724-00A0C9A8B90C}") = "GoogleDomainAPIDNSUpdaterSetup", "GoogleDomainAPIDNSUpdaterSetup\GoogleDomainAPIDNSUpdaterSetup.vdproj", "{A7CD6030-1F82-4380-97BB-FD6CFF3AD98A}"
EndProject
Global
	GlobalSection(SolutionConfigurationPlatforms) = preSolution
		Debug|Any CPU = Debug|Any CPU
		Release|Any CPU = Release|Any CPU
	EndGlobalSection
	GlobalSection(ProjectConfigurationPlatforms) = postSolution
		{1D1118CD-0DA3-4A71-A399-52D68C74FFC4}.Debug|Any CPU.ActiveCfg = Debug|Any CPU
		{1D1118CD-0DA3-4A71-A399-52D68C74FFC4}.Debug|Any CPU.Build.0 = Debug|Any CPU
		{1D1118CD-0DA3-4A71-A399-52D68C74FFC4}.Release|Any CPU.ActiveCfg = Release|Any CPU
		{1D1118CD-0DA3-4A71-A399-52D68C74FFC4}.Release|Any CPU.Build.0 = Release|Any CPU
		{A7CD6030-1F82-4380-97BB-FD6CFF3AD98A}.Debug|Any CPU.ActiveCfg = Debug
		{A7CD6030-1F82-4380-97BB-FD6CFF3AD98A}.Release|Any CPU.ActiveCfg = Release
	EndGlobalSection
	GlobalSection(SolutionProperties) = preSolution
		HideSolutionNode = FALSE
	EndGlobalSection
	GlobalSection(ExtensibilityGlobals) = postSolution
		SolutionGuid = {481F89F1-28E1-43E4-93CB-1D0B39D17414}
	EndGlobalSection
EndGlobal
